
Microsoft Visual Studio Solution File, Format Version 12.00
# Visual Studio Version 17
VisualStudioVersion = 17.13.35825.156 d17.13
MinimumVisualStudioVersion = 10.0.40219.1
Project("{FAE04EC0-301F-11D3-BF4B-00C04F79EFBC}") = "Namespace_Kullanimi", "Namespace_Kullanimi\Namespace_Kullanimi.csproj", "{BB2596B0-CBBB-4342-B00A-7DF0350BE393}"
EndProject
Global
	GlobalSection(SolutionConfigurationPlatforms) = preSolution
		Debug|Any CPU = Debug|Any CPU
		Release|Any CPU = Release|Any CPU
	EndGlobalSection
	GlobalSection(ProjectConfigurationPlatforms) = postSolution
		{BB2596B0-CBBB-4342-B00A-7DF0350BE393}.Debug|Any CPU.ActiveCfg = Debug|Any CPU
		{BB2596B0-CBBB-4342-B00A-7DF0350BE393}.Debug|Any CPU.Build.0 = Debug|Any CPU
		{BB2596B0-CBBB-4342-B00A-7DF0350BE393}.Release|Any CPU.ActiveCfg = Release|Any CPU
		{BB2596B0-CBBB-4342-B00A-7DF0350BE393}.Release|Any CPU.Build.0 = Release|Any CPU
	EndGlobalSection
	GlobalSection(SolutionProperties) = preSolution
		HideSolutionNode = FALSE
	EndGlobalSection
	GlobalSection(ExtensibilityGlobals) = postSolution
		SolutionGuid = {44B387A8-D417-4957-B22E-886511E5068F}
	EndGlobalSection
EndGlobal
